
Microsoft Visual Studio Solution File, Format Version 12.00
# Visual Studio Version 16
VisualStudioVersion = 16.0.30621.155
MinimumVisualStudioVersion = 10.0.40219.1
Project("{FAE04EC0-301F-11D3-BF4B-00C04F79EFBC}") = "LabStats", "LabStats\LabStats.csproj", "{67AE48C7-1090-4D45-B667-54C8D731BCF8}"
EndProject
Global
	GlobalSection(SolutionConfigurationPlatforms) = preSolution
		Debug|Any CPU = Debug|Any CPU
		Release|Any CPU = Release|Any CPU
	EndGlobalSection
	GlobalSection(ProjectConfigurationPlatforms) = postSolution
		{67AE48C7-1090-4D45-B667-54C8D731BCF8}.Debug|Any CPU.ActiveCfg = Debug|Any CPU
		{67AE48C7-1090-4D45-B667-54C8D731BCF8}.Debug|Any CPU.Build.0 = Debug|Any CPU
		{67AE48C7-1090-4D45-B667-54C8D731BCF8}.Release|Any CPU.ActiveCfg = Release|Any CPU
		{67AE48C7-1090-4D45-B667-54C8D731BCF8}.Release|Any CPU.Build.0 = Release|Any CPU
	EndGlobalSection
	GlobalSection(SolutionProperties) = preSolution
		HideSolutionNode = FALSE
	EndGlobalSection
	GlobalSection(ExtensibilityGlobals) = postSolution
		SolutionGuid = {30415A9D-E9BD-423C-85A5-94DD66F47E64}
	EndGlobalSection
EndGlobal
